Microsoft Visual Studio Solution File, Format Version 10.00
# Visual Studio 2008
Project("{8BC9CEB8-8B4A-11D0-8D11-00A0C91BC942}") = "perfTest", "perfTest\perfTest.vcproj", "{DCBC7F2D-0B4C-44C9-8F53-451302A34C5B}"
	ProjectSection(ProjectDependencies) = postProject
		{058C3D74-0871-4855-B0DD-06386D504037} = {058C3D74-0871-4855-B0DD-06386D504037}
	EndProjectSection
EndProject
Project("{8BC9CEB8-8B4A-11D0-8D11-00A0C91BC942}") = "perfADPub", "perfADPub\perfADPub.vcproj", "{2A21B806-F7C3-482D-B6CF-9CC94B5DA403}"
	ProjectSection(ProjectDependencies) = postProject
		{058C3D74-0871-4855-B0DD-06386D504037} = {058C3D74-0871-4855-B0DD-06386D504037}
	EndProjectSection
EndProject
Project("{8BC9CEB8-8B4A-11D0-8D11-00A0C91BC942}") = "perfADSub", "perfADSub\perfADSub.vcproj", "{887351A7-887D-4FFE-9653-594EF3C334FF}"
	ProjectSection(ProjectDependencies) = postProject
		{058C3D74-0871-4855-B0DD-06386D504037} = {058C3D74-0871-4855-B0DD-06386D504037}
	EndProjectSection
EndProject
Project("{8BC9CEB8-8B4A-11D0-8D11-00A0C91BC942}") = "dtoPubSub", "dtoPubSub\dtoPubSub.vcproj", "{C3A5BAC9-9498-4890-BFC5-60041365C12B}"
	ProjectSection(ProjectDependencies) = postProject
		{058C3D74-0871-4855-B0DD-06386D504037} = {058C3D74-0871-4855-B0DD-06386D504037}
	EndProjectSection
EndProject
Project("{8BC9CEB8-8B4A-11D0-8D11-00A0C91BC942}") = "sempGetOverMb", "sempGetOverMb\sempGetOverMb.vcproj", "{C326CE7D-2F7A-439B-834D-7299344FC04C}"
	ProjectSection(ProjectDependencies) = postProject
		{058C3D74-0871-4855-B0DD-06386D504037} = {058C3D74-0871-4855-B0DD-06386D504037}
	EndProjectSection
EndProject
Project("{8BC9CEB8-8B4A-11D0-8D11-00A0C91BC942}") = "syncCacheRequest", "syncCacheRequest\syncCacheRequest.vcproj", "{253FF913-3B5A-4B4F-80F7-9AD24C353C8E}"
	ProjectSection(ProjectDependencies) = postProject
		{058C3D74-0871-4855-B0DD-06386D504037} = {058C3D74-0871-4855-B0DD-06386D504037}
	EndProjectSection
EndProject
Project("{8BC9CEB8-8B4A-11D0-8D11-00A0C91BC942}") = "asyncCacheRequest", "asyncCacheRequest\asyncCacheRequest.vcproj", "{3D72426B-D6F4-49FB-91B6-59F6BA108246}"
	ProjectSection(ProjectDependencies) = postProject
		{058C3D74-0871-4855-B0DD-06386D504037} = {058C3D74-0871-4855-B0DD-06386D504037}
	EndProjectSection
EndProject
Project("{8BC9CEB8-8B4A-11D0-8D11-00A0C91BC942}") = "messageSelectorsOnQueue", "messageSelectorsOnQueue\messageSelectorsOnQueue.vcproj", "{59E81302-81AA-4112-86E9-ED9FAC3A4D08}"
	ProjectSection(ProjectDependencies) = postProject
		{058C3D74-0871-4855-B0DD-06386D504037} = {058C3D74-0871-4855-B0DD-06386D504037}
	EndProjectSection
EndProject
Project("{8BC9CEB8-8B4A-11D0-8D11-00A0C91BC942}") = "topicToQueueMapping", "topicToQueueMapping\topicToQueueMapping.vcproj", "{81254F75-3B93-4C4E-9AE3-E1977B71442E}"
	ProjectSection(ProjectDependencies) = postProject
		{058C3D74-0871-4855-B0DD-06386D504037} = {058C3D74-0871-4855-B0DD-06386D504037}
	EndProjectSection
EndProject
Project("{8BC9CEB8-8B4A-11D0-8D11-00A0C91BC942}") = "messageTTLAndDeadMessageQueue", "messageTTLAndDeadMessageQueue\messageTTLAndDeadMessageQueue.vcproj", "{B92929A8-1BAA-46E4-B364-3A7FF69704AF}"
	ProjectSection(ProjectDependencies) = postProject
		{058C3D74-0871-4855-B0DD-06386D504037} = {058C3D74-0871-4855-B0DD-06386D504037}
	EndProjectSection
EndProject
Project("{8BC9CEB8-8B4A-11D0-8D11-00A0C91BC942}") = "topicDispatch", "topicDispatch\topicDispatch.vcproj", "{6025E6EC-9EC9-4CD4-991A-5BC4F8E80B43}"
	ProjectSection(ProjectDependencies) = postProject
		{058C3D74-0871-4855-B0DD-06386D504037} = {058C3D74-0871-4855-B0DD-06386D504037}
	EndProjectSection
EndProject
Project("{8BC9CEB8-8B4A-11D0-8D11-00A0C91BC942}") = "eventMonitor", "eventMonitor\eventMonitor.vcproj", "{04E1F4B0-DAD9-4A0A-B245-4C8F620B5C4B}"
	ProjectSection(ProjectDependencies) = postProject
		{058C3D74-0871-4855-B0DD-06386D504037} = {058C3D74-0871-4855-B0DD-06386D504037}
	EndProjectSection
EndProject
Project("{8BC9CEB8-8B4A-11D0-8D11-00A0C91BC942}") = "adPubAck", "adPubAck\adPubAck.vcproj", "{0155EA19-6B89-4755-99A8-FE0E8AC26A48}"
	ProjectSection(ProjectDependencies) = postProject
		{058C3D74-0871-4855-B0DD-06386D504037} = {058C3D74-0871-4855-B0DD-06386D504037}
	EndProjectSection
EndProject
Project("{8BC9CEB8-8B4A-11D0-8D11-00A0C91BC942}") = "cutThroughFlowToQueue", "cutThroughFlowToQueue\cutThroughFlowToQueue.vcproj", "{C2BA8941-A47F-4E24-93D4-59E046AC1E94}"
	ProjectSection(ProjectDependencies) = postProject
		{058C3D74-0871-4855-B0DD-06386D504037} = {058C3D74-0871-4855-B0DD-06386D504037}
	EndProjectSection
EndProject
Project("{8BC9CEB8-8B4A-11D0-8D11-00A0C91BC942}") = "simpleFlowToQueue", "simpleFlowToQueue\simpleFlowToQueue.vcproj", "{AAF69C1A-1B21-4D08-905E-D61EA0123C04}"
	ProjectSection(ProjectDependencies) = postProject
		{058C3D74-0871-4855-B0DD-06386D504037} = {058C3D74-0871-4855-B0DD-06386D504037}
	EndProjectSection
EndProject
Project("{8BC9CEB8-8B4A-11D0-8D11-00A0C91BC942}") = "flowControlQueue", "flowControlQueue\flowControlQueue.vcproj", "{EFCFD3F1-3EAA-43AE-90CC-CFDF3E1D29B9}"
	ProjectSection(ProjectDependencies) = postProject
		{058C3D74-0871-4855-B0DD-06386D504037} = {058C3D74-0871-4855-B0DD-06386D504037}
	EndProjectSection
EndProject
Project("{8BC9CEB8-8B4A-11D0-8D11-00A0C91BC942}") = "simpleFlowToTopic", "simpleFlowToTopic\simpleFlowToTopic.vcproj", "{FC1BDCD9-E5A7-4969-AB7C-1241AB42E22B}"
	ProjectSection(ProjectDependencies) = postProject
		{058C3D74-0871-4855-B0DD-06386D504037} = {058C3D74-0871-4855-B0DD-06386D504037}
	EndProjectSection
EndProject
Project("{8BC9CEB8-8B4A-11D0-8D11-00A0C91BC942}") = "subscribeOnBehalfOfClient", "subscribeOnBehalfOfClient\subscribeOnBehalfOfClient.vcproj", "{311FBD62-1AD2-4586-A980-6D7FFF35EA45}"
	ProjectSection(ProjectDependencies) = postProject
		{058C3D74-0871-4855-B0DD-06386D504037} = {058C3D74-0871-4855-B0DD-06386D504037}
	EndProjectSection
EndProject
Project("{8BC9CEB8-8B4A-11D0-8D11-00A0C91BC942}") = "directPubSub", "directPubSub\directPubSub.vcproj", "{C9EA71BC-0C47-40AE-AF1E-85362363573F}"
	ProjectSection(ProjectDependencies) = postProject
		{058C3D74-0871-4855-B0DD-06386D504037} = {058C3D74-0871-4855-B0DD-06386D504037}
	EndProjectSection
EndProject
Project("{8BC9CEB8-8B4A-11D0-8D11-00A0C91BC942}") = "secureSession", "secureSession\secureSession.vcproj", "{C9EA71BC-0C77-40AE-AF1E-85362363573F}"
	ProjectSection(ProjectDependencies) = postProject
		{058C3D74-0871-4855-B0DD-06386D504037} = {058C3D74-0871-4855-B0DD-06386D504037}
	EndProjectSection
EndProject
Project("{8BC9CEB8-8B4A-11D0-8D11-00A0C91BC942}") = "activeFlowIndication", "activeFlowIndication\activeFlowIndication.vcproj", "{C9EA71BC-0C87-40AE-AF1E-85362363573F}"
	ProjectSection(ProjectDependencies) = postProject
		{058C3D74-0871-4855-B0DD-06386D504037} = {058C3D74-0871-4855-B0DD-06386D504037}
	EndProjectSection
EndProject
Project("{8BC9CEB8-8B4A-11D0-8D11-00A0C91BC942}") = "queueProvision", "queueProvision\queueProvision.vcproj", "{3C84D1A7-C5F6-437B-9E97-B2F8DD3F8794}"
	ProjectSection(ProjectDependencies) = postProject
		{058C3D74-0871-4855-B0DD-06386D504037} = {058C3D74-0871-4855-B0DD-06386D504037}
	EndProjectSection
EndProject
Project("{8BC9CEB8-8B4A-11D0-8D11-00A0C91BC942}") = "redirectLogs", "redirectLogs\redirectLogs.vcproj", "{4B239BE9-0998-48D7-BEE4-D2984634410D}"
	ProjectSection(ProjectDependencies) = postProject
		{058C3D74-0871-4855-B0DD-06386D504037} = {058C3D74-0871-4855-B0DD-06386D504037}
	EndProjectSection
EndProject
Project("{8BC9CEB8-8B4A-11D0-8D11-00A0C91BC942}") = "sdtPubSubMsgDep", "sdtPubSubMsgDep\sdtPubSubMsgDep.vcproj", "{C1E79FA9-6F9F-4F53-A170-DDD734C4E05C}"
	ProjectSection(ProjectDependencies) = postProject
		{058C3D74-0871-4855-B0DD-06386D504037} = {058C3D74-0871-4855-B0DD-06386D504037}
	EndProjectSection
EndProject
Project("{8BC9CEB8-8B4A-11D0-8D11-00A0C91BC942}") = "sdtPubSubMsgIndep", "sdtPubSubMsgIndep\sdtPubSubMsgIndep.vcproj", "{69AACBCF-7BF3-4476-889A-02147DCA651F}"
	ProjectSection(ProjectDependencies) = postProject
		{058C3D74-0871-4855-B0DD-06386D504037} = {058C3D74-0871-4855-B0DD-06386D504037}
	EndProjectSection
EndProject
Project("{8BC9CEB8-8B4A-11D0-8D11-00A0C91BC942}") = "simpleBrowserFlow", "simpleBrowserFlow\simpleBrowserFlow.vcproj", "{A4D6EC24-11F8-44E0-97B2-276288884AE2}"
	ProjectSection(ProjectDependencies) = postProject
		{058C3D74-0871-4855-B0DD-06386D504037} = {058C3D74-0871-4855-B0DD-06386D504037}
	EndProjectSection
EndProject
Project("{8BC9CEB8-8B4A-11D0-8D11-00A0C91BC942}") = "replication", "replication\replication.vcproj", "{8D8245FE-4565-42A4-87E5-155FA4FC930D}"
	ProjectSection(ProjectDependencies) = postProject
		{058C3D74-0871-4855-B0DD-06386D504037} = {058C3D74-0871-4855-B0DD-06386D504037}
	EndProjectSection
EndProject
Project("{8BC9CEB8-8B4A-11D0-8D11-00A0C91BC942}") = "messageReplay", "messageReplay\messageReplay.vcproj", "{60C3761C-6E74-422E-980E-AE4DC87628BA}"
	ProjectSection(ProjectDependencies) = postProject
		{058C3D74-0871-4855-B0DD-06386D504037} = {058C3D74-0871-4855-B0DD-06386D504037}
	EndProjectSection
EndProject
Project("{8BC9CEB8-8B4A-11D0-8D11-00A0C91BC942}") = "noLocalPubSub", "noLocalPubSub\noLocalPubSub.vcproj", "{E6CE08F2-E2BD-4812-B500-8256ED3B4B08}"
	ProjectSection(ProjectDependencies) = postProject
		{058C3D74-0871-4855-B0DD-06386D504037} = {058C3D74-0871-4855-B0DD-06386D504037}
	EndProjectSection
EndProject
Project("{8BC9CEB8-8B4A-11D0-8D11-00A0C91BC942}") = "RRDirectReplier", "RRDirectReplier\RRDirectReplier.vcproj", "{FF9ADDFB-5849-4D78-AD00-B5A984355486}"
	ProjectSection(ProjectDependencies) = postProject
		{058C3D74-0871-4855-B0DD-06386D504037} = {058C3D74-0871-4855-B0DD-06386D504037}
	EndProjectSection
EndProject
Project("{8BC9CEB8-8B4A-11D0-8D11-00A0C91BC942}") = "RRDirectRequester", "RRDirectRequester\RRDirectRequester.vcproj", "{FF9ADDFB-5849-4D78-AD00-B5A984355487}"
	ProjectSection(ProjectDependencies) = postProject
		{058C3D74-0871-4855-B0DD-06386D504037} = {058C3D74-0871-4855-B0DD-06386D504037}
	EndProjectSection
EndProject
Project("{8BC9CEB8-8B4A-11D0-8D11-00A0C91BC942}") = "RRGuaranteedReplier", "RRGuaranteedReplier\RRGuaranteedReplier.vcproj", "{FF9ADDFB-5849-4D78-AD00-B5A984355488}"
	ProjectSection(ProjectDependencies) = postProject
		{058C3D74-0871-4855-B0DD-06386D504037} = {058C3D74-0871-4855-B0DD-06386D504037}
	EndProjectSection
EndProject
Project("{8BC9CEB8-8B4A-11D0-8D11-00A0C91BC942}") = "RRGuaranteedRequester", "RRGuaranteedRequester\RRGuaranteedRequester.vcproj", "{FF9ADDFB-5849-4D78-AD00-B5A984355489}"
	ProjectSection(ProjectDependencies) = postProject
		{058C3D74-0871-4855-B0DD-06386D504037} = {058C3D74-0871-4855-B0DD-06386D504037}
	EndProjectSection
EndProject
Project("{8BC9CEB8-8B4A-11D0-8D11-00A0C91BC942}") = "transactions", "transactions\transactions.vcproj", "{FF9ADDFB-5849-4D78-AD00-B5A984355490}"
	ProjectSection(ProjectDependencies) = postProject
		{058C3D74-0871-4855-B0DD-06386D504037} = {058C3D74-0871-4855-B0DD-06386D504037}
	EndProjectSection
EndProject
Project("{8BC9CEB8-8B4A-11D0-8D11-00A0C91BC942}") = "preBuild", "preBuild\preBuild.vcproj", "{058C3D74-0871-4855-B0DD-06386D504037}"
EndProject
Global
	GlobalSection(SolutionConfigurationPlatforms) = preSolution
		Debug|Win32 = Debug|Win32
		Debug|Win64 = Debug|Win64
		Release|Win32 = Release|Win32
		Release|Win64 = Release|Win64
		StaticDebug|Win32 = StaticDebug|Win32
		StaticDebug|Win64 = StaticDebug|Win64
		StaticRelease|Win32 = StaticRelease|Win32
		StaticRelease|Win64 = StaticRelease|Win64
	EndGlobalSection
	GlobalSection(ProjectConfigurationPlatforms) = postSolution
		{DCBC7F2D-0B4C-44C9-8F53-451302A34C5B}.Debug|Win32.ActiveCfg = Debug|Win32
		{DCBC7F2D-0B4C-44C9-8F53-451302A34C5B}.Debug|Win32.Build.0 = Debug|Win32
		{DCBC7F2D-0B4C-44C9-8F53-451302A34C5B}.Debug|Win64.ActiveCfg = Debug|x64
		{DCBC7F2D-0B4C-44C9-8F53-451302A34C5B}.Debug|Win64.Build.0 = Debug|x64
		{DCBC7F2D-0B4C-44C9-8F53-451302A34C5B}.Release|Win32.ActiveCfg = Release|Win32
		{DCBC7F2D-0B4C-44C9-8F53-451302A34C5B}.Release|Win32.Build.0 = Release|Win32
		{DCBC7F2D-0B4C-44C9-8F53-451302A34C5B}.Release|Win64.ActiveCfg = Release|x64
		{DCBC7F2D-0B4C-44C9-8F53-451302A34C5B}.Release|Win64.Build.0 = Release|x64
		{DCBC7F2D-0B4C-44C9-8F53-451302A34C5B}.StaticDebug|Win32.ActiveCfg = StaticDebug|Win32
		{DCBC7F2D-0B4C-44C9-8F53-451302A34C5B}.StaticDebug|Win32.Build.0 = StaticDebug|Win32
		{DCBC7F2D-0B4C-44C9-8F53-451302A34C5B}.StaticDebug|Win64.ActiveCfg = StaticDebug|x64
		{DCBC7F2D-0B4C-44C9-8F53-451302A34C5B}.StaticDebug|Win64.Build.0 = StaticDebug|x64
		{DCBC7F2D-0B4C-44C9-8F53-451302A34C5B}.StaticRelease|Win32.ActiveCfg = StaticRelease|Win32
		{DCBC7F2D-0B4C-44C9-8F53-451302A34C5B}.StaticRelease|Win32.Build.0 = StaticRelease|Win32
		{DCBC7F2D-0B4C-44C9-8F53-451302A34C5B}.StaticRelease|Win64.ActiveCfg = StaticRelease|x64
		{DCBC7F2D-0B4C-44C9-8F53-451302A34C5B}.StaticRelease|Win64.Build.0 = StaticRelease|x64
		{2A21B806-F7C3-482D-B6CF-9CC94B5DA403}.Debug|Win32.ActiveCfg = Debug|Win32
		{2A21B806-F7C3-482D-B6CF-9CC94B5DA403}.Debug|Win32.Build.0 = Debug|Win32
		{2A21B806-F7C3-482D-B6CF-9CC94B5DA403}.Debug|Win64.ActiveCfg = Debug|x64
		{2A21B806-F7C3-482D-B6CF-9CC94B5DA403}.Debug|Win64.Build.0 = Debug|x64
		{2A21B806-F7C3-482D-B6CF-9CC94B5DA403}.Release|Win32.ActiveCfg = Release|Win32
		{2A21B806-F7C3-482D-B6CF-9CC94B5DA403}.Release|Win32.Build.0 = Release|Win32
		{2A21B806-F7C3-482D-B6CF-9CC94B5DA403}.Release|Win64.ActiveCfg = Release|x64
		{2A21B806-F7C3-482D-B6CF-9CC94B5DA403}.Release|Win64.Build.0 = Release|x64
		{2A21B806-F7C3-482D-B6CF-9CC94B5DA403}.StaticDebug|Win32.ActiveCfg = StaticDebug|Win32
		{2A21B806-F7C3-482D-B6CF-9CC94B5DA403}.StaticDebug|Win32.Build.0 = StaticDebug|Win32
		{2A21B806-F7C3-482D-B6CF-9CC94B5DA403}.StaticDebug|Win64.ActiveCfg = StaticDebug|x64
		{2A21B806-F7C3-482D-B6CF-9CC94B5DA403}.StaticDebug|Win64.Build.0 = StaticDebug|x64
		{2A21B806-F7C3-482D-B6CF-9CC94B5DA403}.StaticRelease|Win32.ActiveCfg = StaticRelease|Win32
		{2A21B806-F7C3-482D-B6CF-9CC94B5DA403}.StaticRelease|Win32.Build.0 = StaticRelease|Win32
		{2A21B806-F7C3-482D-B6CF-9CC94B5DA403}.StaticRelease|Win64.ActiveCfg = StaticRelease|x64
		{2A21B806-F7C3-482D-B6CF-9CC94B5DA403}.StaticRelease|Win64.Build.0 = StaticRelease|x64
		{887351A7-887D-4FFE-9653-594EF3C334FF}.Debug|Win32.ActiveCfg = Debug|Win32
		{887351A7-887D-4FFE-9653-594EF3C334FF}.Debug|Win32.Build.0 = Debug|Win32
		{887351A7-887D-4FFE-9653-594EF3C334FF}.Debug|Win64.ActiveCfg = Debug|x64
		{887351A7-887D-4FFE-9653-594EF3C334FF}.Debug|Win64.Build.0 = Debug|x64
		{887351A7-887D-4FFE-9653-594EF3C334FF}.Release|Win32.ActiveCfg = Release|Win32
		{887351A7-887D-4FFE-9653-594EF3C334FF}.Release|Win32.Build.0 = Release|Win32
		{887351A7-887D-4FFE-9653-594EF3C334FF}.Release|Win64.ActiveCfg = Release|x64
		{887351A7-887D-4FFE-9653-594EF3C334FF}.Release|Win64.Build.0 = Release|x64
		{887351A7-887D-4FFE-9653-594EF3C334FF}.StaticDebug|Win32.ActiveCfg = StaticDebug|Win32
		{887351A7-887D-4FFE-9653-594EF3C334FF}.StaticDebug|Win32.Build.0 = StaticDebug|Win32
		{887351A7-887D-4FFE-9653-594EF3C334FF}.StaticDebug|Win64.ActiveCfg = StaticDebug|x64
		{887351A7-887D-4FFE-9653-594EF3C334FF}.StaticDebug|Win64.Build.0 = StaticDebug|x64
		{887351A7-887D-4FFE-9653-594EF3C334FF}.StaticRelease|Win32.ActiveCfg = StaticRelease|Win32
		{887351A7-887D-4FFE-9653-594EF3C334FF}.StaticRelease|Win32.Build.0 = StaticRelease|Win32
		{887351A7-887D-4FFE-9653-594EF3C334FF}.StaticRelease|Win64.ActiveCfg = StaticRelease|x64
		{887351A7-887D-4FFE-9653-594EF3C334FF}.StaticRelease|Win64.Build.0 = StaticRelease|x64
		{C3A5BAC9-9498-4890-BFC5-60041365C12B}.Debug|Win32.ActiveCfg = Debug|Win32
		{C3A5BAC9-9498-4890-BFC5-60041365C12B}.Debug|Win32.Build.0 = Debug|Win32
		{C3A5BAC9-9498-4890-BFC5-60041365C12B}.Debug|Win64.ActiveCfg = Debug|x64
		{C3A5BAC9-9498-4890-BFC5-60041365C12B}.Debug|Win64.Build.0 = Debug|x64
		{C3A5BAC9-9498-4890-BFC5-60041365C12B}.Release|Win32.ActiveCfg = Release|Win32
		{C3A5BAC9-9498-4890-BFC5-60041365C12B}.Release|Win32.Build.0 = Release|Win32
		{C3A5BAC9-9498-4890-BFC5-60041365C12B}.Release|Win64.ActiveCfg = Release|x64
		{C3A5BAC9-9498-4890-BFC5-60041365C12B}.Release|Win64.Build.0 = Release|x64
		{C3A5BAC9-9498-4890-BFC5-60041365C12B}.StaticDebug|Win32.ActiveCfg = StaticDebug|Win32
		{C3A5BAC9-9498-4890-BFC5-60041365C12B}.StaticDebug|Win32.Build.0 = StaticDebug|Win32
		{C3A5BAC9-9498-4890-BFC5-60041365C12B}.StaticDebug|Win64.ActiveCfg = StaticDebug|x64
		{C3A5BAC9-9498-4890-BFC5-60041365C12B}.StaticDebug|Win64.Build.0 = StaticDebug|x64
		{C3A5BAC9-9498-4890-BFC5-60041365C12B}.StaticRelease|Win32.ActiveCfg = StaticRelease|Win32
		{C3A5BAC9-9498-4890-BFC5-60041365C12B}.StaticRelease|Win32.Build.0 = StaticRelease|Win32
		{C3A5BAC9-9498-4890-BFC5-60041365C12B}.StaticRelease|Win64.ActiveCfg = StaticRelease|x64
		{C3A5BAC9-9498-4890-BFC5-60041365C12B}.StaticRelease|Win64.Build.0 = StaticRelease|x64
		{C326CE7D-2F7A-439B-834D-7299344FC04C}.Debug|Win32.ActiveCfg = Debug|Win32
		{C326CE7D-2F7A-439B-834D-7299344FC04C}.Debug|Win32.Build.0 = Debug|Win32
		{C326CE7D-2F7A-439B-834D-7299344FC04C}.Debug|Win64.ActiveCfg = Debug|x64
		{C326CE7D-2F7A-439B-834D-7299344FC04C}.Debug|Win64.Build.0 = Debug|x64
		{C326CE7D-2F7A-439B-834D-7299344FC04C}.Release|Win32.ActiveCfg = Release|Win32
		{C326CE7D-2F7A-439B-834D-7299344FC04C}.Release|Win32.Build.0 = Release|Win32
		{C326CE7D-2F7A-439B-834D-7299344FC04C}.Release|Win64.ActiveCfg = Release|x64
		{C326CE7D-2F7A-439B-834D-7299344FC04C}.Release|Win64.Build.0 = Release|x64
		{C326CE7D-2F7A-439B-834D-7299344FC04C}.StaticDebug|Win32.ActiveCfg = StaticDebug|Win32
		{C326CE7D-2F7A-439B-834D-7299344FC04C}.StaticDebug|Win32.Build.0 = StaticDebug|Win32
		{C326CE7D-2F7A-439B-834D-7299344FC04C}.StaticDebug|Win64.ActiveCfg = StaticDebug|x64
		{C326CE7D-2F7A-439B-834D-7299344FC04C}.StaticDebug|Win64.Build.0 = StaticDebug|x64
		{C326CE7D-2F7A-439B-834D-7299344FC04C}.StaticRelease|Win32.ActiveCfg = StaticRelease|Win32
		{C326CE7D-2F7A-439B-834D-7299344FC04C}.StaticRelease|Win32.Build.0 = StaticRelease|Win32
		{C326CE7D-2F7A-439B-834D-7299344FC04C}.StaticRelease|Win64.ActiveCfg = StaticRelease|x64
		{C326CE7D-2F7A-439B-834D-7299344FC04C}.StaticRelease|Win64.Build.0 = StaticRelease|x64
		{253FF913-3B5A-4B4F-80F7-9AD24C353C8E}.Debug|Win32.ActiveCfg = Debug|Win32
		{253FF913-3B5A-4B4F-80F7-9AD24C353C8E}.Debug|Win32.Build.0 = Debug|Win32
		{253FF913-3B5A-4B4F-80F7-9AD24C353C8E}.Debug|Win64.ActiveCfg = Debug|x64
		{253FF913-3B5A-4B4F-80F7-9AD24C353C8E}.Debug|Win64.Build.0 = Debug|x64
		{253FF913-3B5A-4B4F-80F7-9AD24C353C8E}.Release|Win32.ActiveCfg = Release|Win32
		{253FF913-3B5A-4B4F-80F7-9AD24C353C8E}.Release|Win32.Build.0 = Release|Win32
		{253FF913-3B5A-4B4F-80F7-9AD24C353C8E}.Release|Win64.ActiveCfg = Release|x64
		{253FF913-3B5A-4B4F-80F7-9AD24C353C8E}.Release|Win64.Build.0 = Release|x64
		{253FF913-3B5A-4B4F-80F7-9AD24C353C8E}.StaticDebug|Win32.ActiveCfg = StaticDebug|Win32
		{253FF913-3B5A-4B4F-80F7-9AD24C353C8E}.StaticDebug|Win32.Build.0 = StaticDebug|Win32
		{253FF913-3B5A-4B4F-80F7-9AD24C353C8E}.StaticDebug|Win64.ActiveCfg = StaticDebug|x64
		{253FF913-3B5A-4B4F-80F7-9AD24C353C8E}.StaticDebug|Win64.Build.0 = StaticDebug|x64
		{253FF913-3B5A-4B4F-80F7-9AD24C353C8E}.StaticRelease|Win32.ActiveCfg = StaticRelease|Win32
		{253FF913-3B5A-4B4F-80F7-9AD24C353C8E}.StaticRelease|Win32.Build.0 = StaticRelease|Win32
		{253FF913-3B5A-4B4F-80F7-9AD24C353C8E}.StaticRelease|Win64.ActiveCfg = StaticRelease|x64
		{253FF913-3B5A-4B4F-80F7-9AD24C353C8E}.StaticRelease|Win64.Build.0 = StaticRelease|x64
		{3D72426B-D6F4-49FB-91B6-59F6BA108246}.Debug|Win32.ActiveCfg = Debug|Win32
		{3D72426B-D6F4-49FB-91B6-59F6BA108246}.Debug|Win32.Build.0 = Debug|Win32
		{3D72426B-D6F4-49FB-91B6-59F6BA108246}.Debug|Win64.ActiveCfg = Debug|x64
		{3D72426B-D6F4-49FB-91B6-59F6BA108246}.Debug|Win64.Build.0 = Debug|x64
		{3D72426B-D6F4-49FB-91B6-59F6BA108246}.Release|Win32.ActiveCfg = Release|Win32
		{3D72426B-D6F4-49FB-91B6-59F6BA108246}.Release|Win32.Build.0 = Release|Win32
		{3D72426B-D6F4-49FB-91B6-59F6BA108246}.Release|Win64.ActiveCfg = Release|x64
		{3D72426B-D6F4-49FB-91B6-59F6BA108246}.Release|Win64.Build.0 = Release|x64
		{3D72426B-D6F4-49FB-91B6-59F6BA108246}.StaticDebug|Win32.ActiveCfg = StaticDebug|Win32
		{3D72426B-D6F4-49FB-91B6-59F6BA108246}.StaticDebug|Win32.Build.0 = StaticDebug|Win32
		{3D72426B-D6F4-49FB-91B6-59F6BA108246}.StaticDebug|Win64.ActiveCfg = StaticDebug|x64
		{3D72426B-D6F4-49FB-91B6-59F6BA108246}.StaticDebug|Win64.Build.0 = StaticDebug|x64
		{3D72426B-D6F4-49FB-91B6-59F6BA108246}.StaticRelease|Win32.ActiveCfg = StaticRelease|Win32
		{3D72426B-D6F4-49FB-91B6-59F6BA108246}.StaticRelease|Win32.Build.0 = StaticRelease|Win32
		{3D72426B-D6F4-49FB-91B6-59F6BA108246}.StaticRelease|Win64.ActiveCfg = StaticRelease|x64
		{3D72426B-D6F4-49FB-91B6-59F6BA108246}.StaticRelease|Win64.Build.0 = StaticRelease|x64
		{59E81302-81AA-4112-86E9-ED9FAC3A4D08}.Debug|Win32.ActiveCfg = Debug|Win32
		{59E81302-81AA-4112-86E9-ED9FAC3A4D08}.Debug|Win32.Build.0 = Debug|Win32
		{59E81302-81AA-4112-86E9-ED9FAC3A4D08}.Debug|Win64.ActiveCfg = Debug|x64
		{59E81302-81AA-4112-86E9-ED9FAC3A4D08}.Debug|Win64.Build.0 = Debug|x64
		{59E81302-81AA-4112-86E9-ED9FAC3A4D08}.Release|Win32.ActiveCfg = Release|Win32
		{59E81302-81AA-4112-86E9-ED9FAC3A4D08}.Release|Win32.Build.0 = Release|Win32
		{59E81302-81AA-4112-86E9-ED9FAC3A4D08}.Release|Win64.ActiveCfg = Release|x64
		{59E81302-81AA-4112-86E9-ED9FAC3A4D08}.Release|Win64.Build.0 = Release|x64
		{59E81302-81AA-4112-86E9-ED9FAC3A4D08}.StaticDebug|Win32.ActiveCfg = StaticDebug|Win32
		{59E81302-81AA-4112-86E9-ED9FAC3A4D08}.StaticDebug|Win32.Build.0 = StaticDebug|Win32
		{59E81302-81AA-4112-86E9-ED9FAC3A4D08}.StaticDebug|Win64.ActiveCfg = StaticDebug|x64
		{59E81302-81AA-4112-86E9-ED9FAC3A4D08}.StaticDebug|Win64.Build.0 = StaticDebug|x64
		{59E81302-81AA-4112-86E9-ED9FAC3A4D08}.StaticRelease|Win32.ActiveCfg = StaticRelease|Win32
		{59E81302-81AA-4112-86E9-ED9FAC3A4D08}.StaticRelease|Win32.Build.0 = StaticRelease|Win32
		{59E81302-81AA-4112-86E9-ED9FAC3A4D08}.StaticRelease|Win64.ActiveCfg = StaticRelease|x64
		{59E81302-81AA-4112-86E9-ED9FAC3A4D08}.StaticRelease|Win64.Build.0 = StaticRelease|x64
		{81254F75-3B93-4C4E-9AE3-E1977B71442E}.Debug|Win32.ActiveCfg = Debug|Win32
		{81254F75-3B93-4C4E-9AE3-E1977B71442E}.Debug|Win32.Build.0 = Debug|Win32
		{81254F75-3B93-4C4E-9AE3-E1977B71442E}.Debug|Win64.ActiveCfg = Debug|x64
		{81254F75-3B93-4C4E-9AE3-E1977B71442E}.Debug|Win64.Build.0 = Debug|x64
		{81254F75-3B93-4C4E-9AE3-E1977B71442E}.Release|Win32.ActiveCfg = Release|Win32
		{81254F75-3B93-4C4E-9AE3-E1977B71442E}.Release|Win32.Build.0 = Release|Win32
		{81254F75-3B93-4C4E-9AE3-E1977B71442E}.Release|Win64.ActiveCfg = Release|x64
		{81254F75-3B93-4C4E-9AE3-E1977B71442E}.Release|Win64.Build.0 = Release|x64
		{81254F75-3B93-4C4E-9AE3-E1977B71442E}.StaticDebug|Win32.ActiveCfg = StaticDebug|Win32
		{81254F75-3B93-4C4E-9AE3-E1977B71442E}.StaticDebug|Win32.Build.0 = StaticDebug|Win32
		{81254F75-3B93-4C4E-9AE3-E1977B71442E}.StaticDebug|Win64.ActiveCfg = StaticDebug|x64
		{81254F75-3B93-4C4E-9AE3-E1977B71442E}.StaticDebug|Win64.Build.0 = StaticDebug|x64
		{81254F75-3B93-4C4E-9AE3-E1977B71442E}.StaticRelease|Win32.ActiveCfg = StaticRelease|Win32
		{81254F75-3B93-4C4E-9AE3-E1977B71442E}.StaticRelease|Win32.Build.0 = StaticRelease|Win32
		{81254F75-3B93-4C4E-9AE3-E1977B71442E}.StaticRelease|Win64.ActiveCfg = StaticRelease|x64
		{81254F75-3B93-4C4E-9AE3-E1977B71442E}.StaticRelease|Win64.Build.0 = StaticRelease|x64
		{B92929A8-1BAA-46E4-B364-3A7FF69704AF}.Debug|Win32.ActiveCfg = Debug|Win32
		{B92929A8-1BAA-46E4-B364-3A7FF69704AF}.Debug|Win32.Build.0 = Debug|Win32
		{B92929A8-1BAA-46E4-B364-3A7FF69704AF}.Debug|Win64.ActiveCfg = Debug|x64
		{B92929A8-1BAA-46E4-B364-3A7FF69704AF}.Debug|Win64.Build.0 = Debug|x64
		{B92929A8-1BAA-46E4-B364-3A7FF69704AF}.Release|Win32.ActiveCfg = Release|Win32
		{B92929A8-1BAA-46E4-B364-3A7FF69704AF}.Release|Win32.Build.0 = Release|Win32
		{B92929A8-1BAA-46E4-B364-3A7FF69704AF}.Release|Win64.ActiveCfg = Release|x64
		{B92929A8-1BAA-46E4-B364-3A7FF69704AF}.Release|Win64.Build.0 = Release|x64
		{B92929A8-1BAA-46E4-B364-3A7FF69704AF}.StaticDebug|Win32.ActiveCfg = StaticDebug|Win32
		{B92929A8-1BAA-46E4-B364-3A7FF69704AF}.StaticDebug|Win32.Build.0 = StaticDebug|Win32
		{B92929A8-1BAA-46E4-B364-3A7FF69704AF}.StaticDebug|Win64.ActiveCfg = StaticDebug|x64
		{B92929A8-1BAA-46E4-B364-3A7FF69704AF}.StaticDebug|Win64.Build.0 = StaticDebug|x64
		{B92929A8-1BAA-46E4-B364-3A7FF69704AF}.StaticRelease|Win32.ActiveCfg = StaticRelease|Win32
		{B92929A8-1BAA-46E4-B364-3A7FF69704AF}.StaticRelease|Win32.Build.0 = StaticRelease|Win32
		{B92929A8-1BAA-46E4-B364-3A7FF69704AF}.StaticRelease|Win64.ActiveCfg = StaticRelease|x64
		{B92929A8-1BAA-46E4-B364-3A7FF69704AF}.StaticRelease|Win64.Build.0 = StaticRelease|x64
		{6025E6EC-9EC9-4CD4-991A-5BC4F8E80B43}.Debug|Win32.ActiveCfg = Debug|Win32
		{6025E6EC-9EC9-4CD4-991A-5BC4F8E80B43}.Debug|Win32.Build.0 = Debug|Win32
		{6025E6EC-9EC9-4CD4-991A-5BC4F8E80B43}.Debug|Win64.ActiveCfg = Debug|x64
		{6025E6EC-9EC9-4CD4-991A-5BC4F8E80B43}.Debug|Win64.Build.0 = Debug|x64
		{6025E6EC-9EC9-4CD4-991A-5BC4F8E80B43}.Release|Win32.ActiveCfg = Release|Win32
		{6025E6EC-9EC9-4CD4-991A-5BC4F8E80B43}.Release|Win32.Build.0 = Release|Win32
		{6025E6EC-9EC9-4CD4-991A-5BC4F8E80B43}.Release|Win64.ActiveCfg = Release|x64
		{6025E6EC-9EC9-4CD4-991A-5BC4F8E80B43}.Release|Win64.Build.0 = Release|x64
		{6025E6EC-9EC9-4CD4-991A-5BC4F8E80B43}.StaticDebug|Win32.ActiveCfg = StaticDebug|Win32
		{6025E6EC-9EC9-4CD4-991A-5BC4F8E80B43}.StaticDebug|Win32.Build.0 = StaticDebug|Win32
		{6025E6EC-9EC9-4CD4-991A-5BC4F8E80B43}.StaticDebug|Win64.ActiveCfg = StaticDebug|x64
		{6025E6EC-9EC9-4CD4-991A-5BC4F8E80B43}.StaticDebug|Win64.Build.0 = StaticDebug|x64
		{6025E6EC-9EC9-4CD4-991A-5BC4F8E80B43}.StaticRelease|Win32.ActiveCfg = StaticRelease|Win32
		{6025E6EC-9EC9-4CD4-991A-5BC4F8E80B43}.StaticRelease|Win32.Build.0 = StaticRelease|Win32
		{6025E6EC-9EC9-4CD4-991A-5BC4F8E80B43}.StaticRelease|Win64.ActiveCfg = StaticRelease|x64
		{6025E6EC-9EC9-4CD4-991A-5BC4F8E80B43}.StaticRelease|Win64.Build.0 = StaticRelease|x64
		{04E1F4B0-DAD9-4A0A-B245-4C8F620B5C4B}.Debug|Win32.ActiveCfg = Debug|Win32
		{04E1F4B0-DAD9-4A0A-B245-4C8F620B5C4B}.Debug|Win32.Build.0 = Debug|Win32
		{04E1F4B0-DAD9-4A0A-B245-4C8F620B5C4B}.Debug|Win64.ActiveCfg = Debug|x64
		{04E1F4B0-DAD9-4A0A-B245-4C8F620B5C4B}.Debug|Win64.Build.0 = Debug|x64
		{04E1F4B0-DAD9-4A0A-B245-4C8F620B5C4B}.Release|Win32.ActiveCfg = Release|Win32
		{04E1F4B0-DAD9-4A0A-B245-4C8F620B5C4B}.Release|Win32.Build.0 = Release|Win32
		{04E1F4B0-DAD9-4A0A-B245-4C8F620B5C4B}.Release|Win64.ActiveCfg = Release|x64
		{04E1F4B0-DAD9-4A0A-B245-4C8F620B5C4B}.Release|Win64.Build.0 = Release|x64
		{04E1F4B0-DAD9-4A0A-B245-4C8F620B5C4B}.StaticDebug|Win32.ActiveCfg = StaticDebug|Win32
		{04E1F4B0-DAD9-4A0A-B245-4C8F620B5C4B}.StaticDebug|Win32.Build.0 = StaticDebug|Win32
		{04E1F4B0-DAD9-4A0A-B245-4C8F620B5C4B}.StaticDebug|Win64.ActiveCfg = StaticDebug|x64
		{04E1F4B0-DAD9-4A0A-B245-4C8F620B5C4B}.StaticDebug|Win64.Build.0 = StaticDebug|x64
		{04E1F4B0-DAD9-4A0A-B245-4C8F620B5C4B}.StaticRelease|Win32.ActiveCfg = StaticRelease|Win32
		{04E1F4B0-DAD9-4A0A-B245-4C8F620B5C4B}.StaticRelease|Win32.Build.0 = StaticRelease|Win32
		{04E1F4B0-DAD9-4A0A-B245-4C8F620B5C4B}.StaticRelease|Win64.ActiveCfg = StaticRelease|x64
		{04E1F4B0-DAD9-4A0A-B245-4C8F620B5C4B}.StaticRelease|Win64.Build.0 = StaticRelease|x64
		{0155EA19-6B89-4755-99A8-FE0E8AC26A48}.Debug|Win32.ActiveCfg = Debug|Win32
		{0155EA19-6B89-4755-99A8-FE0E8AC26A48}.Debug|Win32.Build.0 = Debug|Win32
		{0155EA19-6B89-4755-99A8-FE0E8AC26A48}.Debug|Win64.ActiveCfg = Debug|x64
		{0155EA19-6B89-4755-99A8-FE0E8AC26A48}.Debug|Win64.Build.0 = Debug|x64
		{0155EA19-6B89-4755-99A8-FE0E8AC26A48}.Release|Win32.ActiveCfg = Release|Win32
		{0155EA19-6B89-4755-99A8-FE0E8AC26A48}.Release|Win32.Build.0 = Release|Win32
		{0155EA19-6B89-4755-99A8-FE0E8AC26A48}.Release|Win64.ActiveCfg = Release|x64
		{0155EA19-6B89-4755-99A8-FE0E8AC26A48}.Release|Win64.Build.0 = Release|x64
		{0155EA19-6B89-4755-99A8-FE0E8AC26A48}.StaticDebug|Win32.ActiveCfg = StaticDebug|Win32
		{0155EA19-6B89-4755-99A8-FE0E8AC26A48}.StaticDebug|Win32.Build.0 = StaticDebug|Win32
		{0155EA19-6B89-4755-99A8-FE0E8AC26A48}.StaticDebug|Win64.ActiveCfg = StaticDebug|x64
		{0155EA19-6B89-4755-99A8-FE0E8AC26A48}.StaticDebug|Win64.Build.0 = StaticDebug|x64
		{0155EA19-6B89-4755-99A8-FE0E8AC26A48}.StaticRelease|Win32.ActiveCfg = StaticRelease|Win32
		{0155EA19-6B89-4755-99A8-FE0E8AC26A48}.StaticRelease|Win32.Build.0 = StaticRelease|Win32
		{0155EA19-6B89-4755-99A8-FE0E8AC26A48}.StaticRelease|Win64.ActiveCfg = StaticRelease|x64
		{0155EA19-6B89-4755-99A8-FE0E8AC26A48}.StaticRelease|Win64.Build.0 = StaticRelease|x64
		{C2BA8941-A47F-4E24-93D4-59E046AC1E94}.Debug|Win32.ActiveCfg = Debug|Win32
		{C2BA8941-A47F-4E24-93D4-59E046AC1E94}.Debug|Win32.Build.0 = Debug|Win32
		{C2BA8941-A47F-4E24-93D4-59E046AC1E94}.Debug|Win64.ActiveCfg = Debug|x64
		{C2BA8941-A47F-4E24-93D4-59E046AC1E94}.Debug|Win64.Build.0 = Debug|x64
		{C2BA8941-A47F-4E24-93D4-59E046AC1E94}.Release|Win32.ActiveCfg = Release|Win32
		{C2BA8941-A47F-4E24-93D4-59E046AC1E94}.Release|Win32.Build.0 = Release|Win32
		{C2BA8941-A47F-4E24-93D4-59E046AC1E94}.Release|Win64.ActiveCfg = Release|x64
		{C2BA8941-A47F-4E24-93D4-59E046AC1E94}.Release|Win64.Build.0 = Release|x64
		{C2BA8941-A47F-4E24-93D4-59E046AC1E94}.StaticDebug|Win32.ActiveCfg = StaticDebug|Win32
		{C2BA8941-A47F-4E24-93D4-59E046AC1E94}.StaticDebug|Win32.Build.0 = StaticDebug|Win32
		{C2BA8941-A47F-4E24-93D4-59E046AC1E94}.StaticDebug|Win64.ActiveCfg = StaticDebug|x64
		{C2BA8941-A47F-4E24-93D4-59E046AC1E94}.StaticDebug|Win64.Build.0 = StaticDebug|x64
		{C2BA8941-A47F-4E24-93D4-59E046AC1E94}.StaticRelease|Win32.ActiveCfg = StaticRelease|Win32
		{C2BA8941-A47F-4E24-93D4-59E046AC1E94}.StaticRelease|Win32.Build.0 = StaticRelease|Win32
		{C2BA8941-A47F-4E24-93D4-59E046AC1E94}.StaticRelease|Win64.ActiveCfg = StaticRelease|x64
		{C2BA8941-A47F-4E24-93D4-59E046AC1E94}.StaticRelease|Win64.Build.0 = StaticRelease|x64
		{AAF69C1A-1B21-4D08-905E-D61EA0123C04}.Debug|Win32.ActiveCfg = Debug|Win32
		{AAF69C1A-1B21-4D08-905E-D61EA0123C04}.Debug|Win32.Build.0 = Debug|Win32
		{AAF69C1A-1B21-4D08-905E-D61EA0123C04}.Debug|Win64.ActiveCfg = Debug|x64
		{AAF69C1A-1B21-4D08-905E-D61EA0123C04}.Debug|Win64.Build.0 = Debug|x64
		{AAF69C1A-1B21-4D08-905E-D61EA0123C04}.Release|Win32.ActiveCfg = Release|Win32
		{AAF69C1A-1B21-4D08-905E-D61EA0123C04}.Release|Win32.Build.0 = Release|Win32
		{AAF69C1A-1B21-4D08-905E-D61EA0123C04}.Release|Win64.ActiveCfg = Release|x64
		{AAF69C1A-1B21-4D08-905E-D61EA0123C04}.Release|Win64.Build.0 = Release|x64
		{AAF69C1A-1B21-4D08-905E-D61EA0123C04}.StaticDebug|Win32.ActiveCfg = StaticDebug|Win32
		{AAF69C1A-1B21-4D08-905E-D61EA0123C04}.StaticDebug|Win32.Build.0 = StaticDebug|Win32
		{AAF69C1A-1B21-4D08-905E-D61EA0123C04}.StaticDebug|Win64.ActiveCfg = StaticDebug|x64
		{AAF69C1A-1B21-4D08-905E-D61EA0123C04}.StaticDebug|Win64.Build.0 = StaticDebug|x64
		{AAF69C1A-1B21-4D08-905E-D61EA0123C04}.StaticRelease|Win32.ActiveCfg = StaticRelease|Win32
		{AAF69C1A-1B21-4D08-905E-D61EA0123C04}.StaticRelease|Win32.Build.0 = StaticRelease|Win32
		{AAF69C1A-1B21-4D08-905E-D61EA0123C04}.StaticRelease|Win64.ActiveCfg = StaticRelease|x64
		{AAF69C1A-1B21-4D08-905E-D61EA0123C04}.StaticRelease|Win64.Build.0 = StaticRelease|x64
		{EFCFD3F1-3EAA-43AE-90CC-CFDF3E1D29B9}.Debug|Win32.ActiveCfg = Debug|Win32
		{EFCFD3F1-3EAA-43AE-90CC-CFDF3E1D29B9}.Debug|Win32.Build.0 = Debug|Win32
		{EFCFD3F1-3EAA-43AE-90CC-CFDF3E1D29B9}.Debug|Win64.ActiveCfg = Debug|x64
		{EFCFD3F1-3EAA-43AE-90CC-CFDF3E1D29B9}.Debug|Win64.Build.0 = Debug|x64
		{EFCFD3F1-3EAA-43AE-90CC-CFDF3E1D29B9}.Release|Win32.ActiveCfg = Release|Win32
		{EFCFD3F1-3EAA-43AE-90CC-CFDF3E1D29B9}.Release|Win32.Build.0 = Release|Win32
		{EFCFD3F1-3EAA-43AE-90CC-CFDF3E1D29B9}.Release|Win64.ActiveCfg = Release|x64
		{EFCFD3F1-3EAA-43AE-90CC-CFDF3E1D29B9}.Release|Win64.Build.0 = Release|x64
		{EFCFD3F1-3EAA-43AE-90CC-CFDF3E1D29B9}.StaticDebug|Win32.ActiveCfg = StaticDebug|Win32
		{EFCFD3F1-3EAA-43AE-90CC-CFDF3E1D29B9}.StaticDebug|Win32.Build.0 = StaticDebug|Win32
		{EFCFD3F1-3EAA-43AE-90CC-CFDF3E1D29B9}.StaticDebug|Win64.ActiveCfg = StaticDebug|x64
		{EFCFD3F1-3EAA-43AE-90CC-CFDF3E1D29B9}.StaticDebug|Win64.Build.0 = StaticDebug|x64
		{EFCFD3F1-3EAA-43AE-90CC-CFDF3E1D29B9}.StaticRelease|Win32.ActiveCfg = StaticRelease|Win32
		{EFCFD3F1-3EAA-43AE-90CC-CFDF3E1D29B9}.StaticRelease|Win32.Build.0 = StaticRelease|Win32
		{EFCFD3F1-3EAA-43AE-90CC-CFDF3E1D29B9}.StaticRelease|Win64.ActiveCfg = StaticRelease|x64
		{EFCFD3F1-3EAA-43AE-90CC-CFDF3E1D29B9}.StaticRelease|Win64.Build.0 = StaticRelease|x64
		{FC1BDCD9-E5A7-4969-AB7C-1241AB42E22B}.Debug|Win32.ActiveCfg = Debug|Win32
		{FC1BDCD9-E5A7-4969-AB7C-1241AB42E22B}.Debug|Win32.Build.0 = Debug|Win32
		{FC1BDCD9-E5A7-4969-AB7C-1241AB42E22B}.Debug|Win64.ActiveCfg = Debug|x64
		{FC1BDCD9-E5A7-4969-AB7C-1241AB42E22B}.Debug|Win64.Build.0 = Debug|x64
		{FC1BDCD9-E5A7-4969-AB7C-1241AB42E22B}.Release|Win32.ActiveCfg = Release|Win32
		{FC1BDCD9-E5A7-4969-AB7C-1241AB42E22B}.Release|Win32.Build.0 = Release|Win32
		{FC1BDCD9-E5A7-4969-AB7C-1241AB42E22B}.Release|Win64.ActiveCfg = Release|x64
		{FC1BDCD9-E5A7-4969-AB7C-1241AB42E22B}.Release|Win64.Build.0 = Release|x64
		{FC1BDCD9-E5A7-4969-AB7C-1241AB42E22B}.StaticDebug|Win32.ActiveCfg = StaticDebug|Win32
		{FC1BDCD9-E5A7-4969-AB7C-1241AB42E22B}.StaticDebug|Win32.Build.0 = StaticDebug|Win32
		{FC1BDCD9-E5A7-4969-AB7C-1241AB42E22B}.StaticDebug|Win64.ActiveCfg = StaticDebug|x64
		{FC1BDCD9-E5A7-4969-AB7C-1241AB42E22B}.StaticDebug|Win64.Build.0 = StaticDebug|x64
		{FC1BDCD9-E5A7-4969-AB7C-1241AB42E22B}.StaticRelease|Win32.ActiveCfg = StaticRelease|Win32
		{FC1BDCD9-E5A7-4969-AB7C-1241AB42E22B}.StaticRelease|Win32.Build.0 = StaticRelease|Win32
		{FC1BDCD9-E5A7-4969-AB7C-1241AB42E22B}.StaticRelease|Win64.ActiveCfg = StaticRelease|x64
		{FC1BDCD9-E5A7-4969-AB7C-1241AB42E22B}.StaticRelease|Win64.Build.0 = StaticRelease|x64
		{311FBD62-1AD2-4586-A980-6D7FFF35EA45}.Debug|Win32.ActiveCfg = Debug|Win32
		{311FBD62-1AD2-4586-A980-6D7FFF35EA45}.Debug|Win32.Build.0 = Debug|Win32
		{311FBD62-1AD2-4586-A980-6D7FFF35EA45}.Debug|Win64.ActiveCfg = Debug|x64
		{311FBD62-1AD2-4586-A980-6D7FFF35EA45}.Debug|Win64.Build.0 = Debug|x64
		{311FBD62-1AD2-4586-A980-6D7FFF35EA45}.Release|Win32.ActiveCfg = Release|Win32
		{311FBD62-1AD2-4586-A980-6D7FFF35EA45}.Release|Win32.Build.0 = Release|Win32
		{311FBD62-1AD2-4586-A980-6D7FFF35EA45}.Release|Win64.ActiveCfg = Release|x64
		{311FBD62-1AD2-4586-A980-6D7FFF35EA45}.Release|Win64.Build.0 = Release|x64
		{311FBD62-1AD2-4586-A980-6D7FFF35EA45}.StaticDebug|Win32.ActiveCfg = StaticDebug|Win32
		{311FBD62-1AD2-4586-A980-6D7FFF35EA45}.StaticDebug|Win32.Build.0 = StaticDebug|Win32
		{311FBD62-1AD2-4586-A980-6D7FFF35EA45}.StaticDebug|Win64.ActiveCfg = StaticDebug|x64
		{311FBD62-1AD2-4586-A980-6D7FFF35EA45}.StaticDebug|Win64.Build.0 = StaticDebug|x64
		{311FBD62-1AD2-4586-A980-6D7FFF35EA45}.StaticRelease|Win32.ActiveCfg = StaticRelease|Win32
		{311FBD62-1AD2-4586-A980-6D7FFF35EA45}.StaticRelease|Win32.Build.0 = StaticRelease|Win32
		{311FBD62-1AD2-4586-A980-6D7FFF35EA45}.StaticRelease|Win64.ActiveCfg = StaticRelease|x64
		{311FBD62-1AD2-4586-A980-6D7FFF35EA45}.StaticRelease|Win64.Build.0 = StaticRelease|x64
		{C9EA71BC-0C47-40AE-AF1E-85362363573F}.Debug|Win32.ActiveCfg = Debug|Win32
		{C9EA71BC-0C47-40AE-AF1E-85362363573F}.Debug|Win32.Build.0 = Debug|Win32
		{C9EA71BC-0C47-40AE-AF1E-85362363573F}.Debug|Win64.ActiveCfg = Debug|x64
		{C9EA71BC-0C47-40AE-AF1E-85362363573F}.Debug|Win64.Build.0 = Debug|x64
		{C9EA71BC-0C47-40AE-AF1E-85362363573F}.Release|Win32.ActiveCfg = Release|Win32
		{C9EA71BC-0C47-40AE-AF1E-85362363573F}.Release|Win32.Build.0 = Release|Win32
		{C9EA71BC-0C47-40AE-AF1E-85362363573F}.Release|Win64.ActiveCfg = Release|x64
		{C9EA71BC-0C47-40AE-AF1E-85362363573F}.Release|Win64.Build.0 = Release|x64
		{C9EA71BC-0C47-40AE-AF1E-85362363573F}.StaticDebug|Win32.ActiveCfg = StaticDebug|Win32
		{C9EA71BC-0C47-40AE-AF1E-85362363573F}.StaticDebug|Win32.Build.0 = StaticDebug|Win32
		{C9EA71BC-0C47-40AE-AF1E-85362363573F}.StaticDebug|Win64.ActiveCfg = StaticDebug|x64
		{C9EA71BC-0C47-40AE-AF1E-85362363573F}.StaticDebug|Win64.Build.0 = StaticDebug|x64
		{C9EA71BC-0C47-40AE-AF1E-85362363573F}.StaticRelease|Win32.ActiveCfg = StaticRelease|Win32
		{C9EA71BC-0C47-40AE-AF1E-85362363573F}.StaticRelease|Win32.Build.0 = StaticRelease|Win32
		{C9EA71BC-0C47-40AE-AF1E-85362363573F}.StaticRelease|Win64.ActiveCfg = StaticRelease|x64
		{C9EA71BC-0C47-40AE-AF1E-85362363573F}.StaticRelease|Win64.Build.0 = StaticRelease|x64
		{C9EA71BC-0C77-40AE-AF1E-85362363573F}.Debug|Win32.ActiveCfg = Debug|Win32
		{C9EA71BC-0C77-40AE-AF1E-85362363573F}.Debug|Win32.Build.0 = Debug|Win32
		{C9EA71BC-0C77-40AE-AF1E-85362363573F}.Debug|Win64.ActiveCfg = Debug|x64
		{C9EA71BC-0C77-40AE-AF1E-85362363573F}.Debug|Win64.Build.0 = Debug|x64
		{C9EA71BC-0C77-40AE-AF1E-85362363573F}.Release|Win32.ActiveCfg = Release|Win32
		{C9EA71BC-0C77-40AE-AF1E-85362363573F}.Release|Win32.Build.0 = Release|Win32
		{C9EA71BC-0C77-40AE-AF1E-85362363573F}.Release|Win64.ActiveCfg = Release|x64
		{C9EA71BC-0C77-40AE-AF1E-85362363573F}.Release|Win64.Build.0 = Release|x64
		{C9EA71BC-0C77-40AE-AF1E-85362363573F}.StaticDebug|Win32.ActiveCfg = StaticDebug|Win32
		{C9EA71BC-0C77-40AE-AF1E-85362363573F}.StaticDebug|Win32.Build.0 = StaticDebug|Win32
		{C9EA71BC-0C77-40AE-AF1E-85362363573F}.StaticDebug|Win64.ActiveCfg = StaticDebug|x64
		{C9EA71BC-0C77-40AE-AF1E-85362363573F}.StaticDebug|Win64.Build.0 = StaticDebug|x64
		{C9EA71BC-0C77-40AE-AF1E-85362363573F}.StaticRelease|Win32.ActiveCfg = StaticRelease|Win32
		{C9EA71BC-0C77-40AE-AF1E-85362363573F}.StaticRelease|Win32.Build.0 = StaticRelease|Win32
		{C9EA71BC-0C77-40AE-AF1E-85362363573F}.StaticRelease|Win64.ActiveCfg = StaticRelease|x64
		{C9EA71BC-0C77-40AE-AF1E-85362363573F}.StaticRelease|Win64.Build.0 = StaticRelease|x64
		{C9EA71BC-0C87-40AE-AF1E-85362363573F}.Debug|Win32.ActiveCfg = Debug|Win32
		{C9EA71BC-0C87-40AE-AF1E-85362363573F}.Debug|Win32.Build.0 = Debug|Win32
		{C9EA71BC-0C87-40AE-AF1E-85362363573F}.Debug|Win64.ActiveCfg = Debug|x64
		{C9EA71BC-0C87-40AE-AF1E-85362363573F}.Debug|Win64.Build.0 = Debug|x64
		{C9EA71BC-0C87-40AE-AF1E-85362363573F}.Release|Win32.ActiveCfg = Release|Win32
		{C9EA71BC-0C87-40AE-AF1E-85362363573F}.Release|Win32.Build.0 = Release|Win32
		{C9EA71BC-0C87-40AE-AF1E-85362363573F}.Release|Win64.ActiveCfg = Release|x64
		{C9EA71BC-0C87-40AE-AF1E-85362363573F}.Release|Win64.Build.0 = Release|x64
		{C9EA71BC-0C87-40AE-AF1E-85362363573F}.StaticDebug|Win32.ActiveCfg = StaticDebug|Win32
		{C9EA71BC-0C87-40AE-AF1E-85362363573F}.StaticDebug|Win32.Build.0 = StaticDebug|Win32
		{C9EA71BC-0C87-40AE-AF1E-85362363573F}.StaticDebug|Win64.ActiveCfg = StaticDebug|x64
		{C9EA71BC-0C87-40AE-AF1E-85362363573F}.StaticDebug|Win64.Build.0 = StaticDebug|x64
		{C9EA71BC-0C87-40AE-AF1E-85362363573F}.StaticRelease|Win32.ActiveCfg = StaticRelease|Win32
		{C9EA71BC-0C87-40AE-AF1E-85362363573F}.StaticRelease|Win32.Build.0 = StaticRelease|Win32
		{C9EA71BC-0C87-40AE-AF1E-85362363573F}.StaticRelease|Win64.ActiveCfg = StaticRelease|x64
		{C9EA71BC-0C87-40AE-AF1E-85362363573F}.StaticRelease|Win64.Build.0 = StaticRelease|x64
		{3C84D1A7-C5F6-437B-9E97-B2F8DD3F8794}.Debug|Win32.ActiveCfg = Debug|Win32
		{3C84D1A7-C5F6-437B-9E97-B2F8DD3F8794}.Debug|Win32.Build.0 = Debug|Win32
		{3C84D1A7-C5F6-437B-9E97-B2F8DD3F8794}.Debug|Win64.ActiveCfg = Debug|x64
		{3C84D1A7-C5F6-437B-9E97-B2F8DD3F8794}.Debug|Win64.Build.0 = Debug|x64
		{3C84D1A7-C5F6-437B-9E97-B2F8DD3F8794}.Release|Win32.ActiveCfg = Release|Win32
		{3C84D1A7-C5F6-437B-9E97-B2F8DD3F8794}.Release|Win32.Build.0 = Release|Win32
		{3C84D1A7-C5F6-437B-9E97-B2F8DD3F8794}.Release|Win64.ActiveCfg = Release|x64
		{3C84D1A7-C5F6-437B-9E97-B2F8DD3F8794}.Release|Win64.Build.0 = Release|x64
		{3C84D1A7-C5F6-437B-9E97-B2F8DD3F8794}.StaticDebug|Win32.ActiveCfg = StaticDebug|Win32
		{3C84D1A7-C5F6-437B-9E97-B2F8DD3F8794}.StaticDebug|Win32.Build.0 = StaticDebug|Win32
		{3C84D1A7-C5F6-437B-9E97-B2F8DD3F8794}.StaticDebug|Win64.ActiveCfg = StaticDebug|x64
		{3C84D1A7-C5F6-437B-9E97-B2F8DD3F8794}.StaticDebug|Win64.Build.0 = StaticDebug|x64
		{3C84D1A7-C5F6-437B-9E97-B2F8DD3F8794}.StaticRelease|Win32.ActiveCfg = StaticRelease|Win32
		{3C84D1A7-C5F6-437B-9E97-B2F8DD3F8794}.StaticRelease|Win32.Build.0 = StaticRelease|Win32
		{3C84D1A7-C5F6-437B-9E97-B2F8DD3F8794}.StaticRelease|Win64.ActiveCfg = StaticRelease|x64
		{3C84D1A7-C5F6-437B-9E97-B2F8DD3F8794}.StaticRelease|Win64.Build.0 = StaticRelease|x64
		{4B239BE9-0998-48D7-BEE4-D2984634410D}.Debug|Win32.ActiveCfg = Debug|Win32
		{4B239BE9-0998-48D7-BEE4-D2984634410D}.Debug|Win32.Build.0 = Debug|Win32
		{4B239BE9-0998-48D7-BEE4-D2984634410D}.Debug|Win64.ActiveCfg = Debug|x64
		{4B239BE9-0998-48D7-BEE4-D2984634410D}.Debug|Win64.Build.0 = Debug|x64
		{4B239BE9-0998-48D7-BEE4-D2984634410D}.Release|Win32.ActiveCfg = Release|Win32
		{4B239BE9-0998-48D7-BEE4-D2984634410D}.Release|Win32.Build.0 = Release|Win32
		{4B239BE9-0998-48D7-BEE4-D2984634410D}.Release|Win64.ActiveCfg = Release|x64
		{4B239BE9-0998-48D7-BEE4-D2984634410D}.Release|Win64.Build.0 = Release|x64
		{4B239BE9-0998-48D7-BEE4-D2984634410D}.StaticDebug|Win32.ActiveCfg = StaticDebug|Win32
		{4B239BE9-0998-48D7-BEE4-D2984634410D}.StaticDebug|Win32.Build.0 = StaticDebug|Win32
		{4B239BE9-0998-48D7-BEE4-D2984634410D}.StaticDebug|Win64.ActiveCfg = StaticDebug|x64
		{4B239BE9-0998-48D7-BEE4-D2984634410D}.StaticDebug|Win64.Build.0 = StaticDebug|x64
		{4B239BE9-0998-48D7-BEE4-D2984634410D}.StaticRelease|Win32.ActiveCfg = StaticRelease|Win32
		{4B239BE9-0998-48D7-BEE4-D2984634410D}.StaticRelease|Win32.Build.0 = StaticRelease|Win32
		{4B239BE9-0998-48D7-BEE4-D2984634410D}.StaticRelease|Win64.ActiveCfg = StaticRelease|x64
		{4B239BE9-0998-48D7-BEE4-D2984634410D}.StaticRelease|Win64.Build.0 = StaticRelease|x64
		{C1E79FA9-6F9F-4F53-A170-DDD734C4E05C}.Debug|Win32.ActiveCfg = Debug|Win32
		{C1E79FA9-6F9F-4F53-A170-DDD734C4E05C}.Debug|Win32.Build.0 = Debug|Win32
		{C1E79FA9-6F9F-4F53-A170-DDD734C4E05C}.Debug|Win64.ActiveCfg = Debug|x64
		{C1E79FA9-6F9F-4F53-A170-DDD734C4E05C}.Debug|Win64.Build.0 = Debug|x64
		{C1E79FA9-6F9F-4F53-A170-DDD734C4E05C}.Release|Win32.ActiveCfg = Release|Win32
		{C1E79FA9-6F9F-4F53-A170-DDD734C4E05C}.Release|Win32.Build.0 = Release|Win32
		{C1E79FA9-6F9F-4F53-A170-DDD734C4E05C}.Release|Win64.ActiveCfg = Release|x64
		{C1E79FA9-6F9F-4F53-A170-DDD734C4E05C}.Release|Win64.Build.0 = Release|x64
		{C1E79FA9-6F9F-4F53-A170-DDD734C4E05C}.StaticDebug|Win32.ActiveCfg = StaticDebug|Win32
		{C1E79FA9-6F9F-4F53-A170-DDD734C4E05C}.StaticDebug|Win32.Build.0 = StaticDebug|Win32
		{C1E79FA9-6F9F-4F53-A170-DDD734C4E05C}.StaticDebug|Win64.ActiveCfg = StaticDebug|x64
		{C1E79FA9-6F9F-4F53-A170-DDD734C4E05C}.StaticDebug|Win64.Build.0 = StaticDebug|x64
		{C1E79FA9-6F9F-4F53-A170-DDD734C4E05C}.StaticRelease|Win32.ActiveCfg = StaticRelease|Win32
		{C1E79FA9-6F9F-4F53-A170-DDD734C4E05C}.StaticRelease|Win32.Build.0 = StaticRelease|Win32
		{C1E79FA9-6F9F-4F53-A170-DDD734C4E05C}.StaticRelease|Win64.ActiveCfg = StaticRelease|x64
		{C1E79FA9-6F9F-4F53-A170-DDD734C4E05C}.StaticRelease|Win64.Build.0 = StaticRelease|x64
		{69AACBCF-7BF3-4476-889A-02147DCA651F}.Debug|Win32.ActiveCfg = Debug|Win32
		{69AACBCF-7BF3-4476-889A-02147DCA651F}.Debug|Win32.Build.0 = Debug|Win32
		{69AACBCF-7BF3-4476-889A-02147DCA651F}.Debug|Win64.ActiveCfg = Debug|x64
		{69AACBCF-7BF3-4476-889A-02147DCA651F}.Debug|Win64.Build.0 = Debug|x64
		{69AACBCF-7BF3-4476-889A-02147DCA651F}.Release|Win32.ActiveCfg = Release|Win32
		{69AACBCF-7BF3-4476-889A-02147DCA651F}.Release|Win32.Build.0 = Release|Win32
		{69AACBCF-7BF3-4476-889A-02147DCA651F}.Release|Win64.ActiveCfg = Release|x64
		{69AACBCF-7BF3-4476-889A-02147DCA651F}.Release|Win64.Build.0 = Release|x64
		{69AACBCF-7BF3-4476-889A-02147DCA651F}.StaticDebug|Win32.ActiveCfg = StaticDebug|Win32
		{69AACBCF-7BF3-4476-889A-02147DCA651F}.StaticDebug|Win32.Build.0 = StaticDebug|Win32
		{69AACBCF-7BF3-4476-889A-02147DCA651F}.StaticDebug|Win64.ActiveCfg = StaticDebug|x64
		{69AACBCF-7BF3-4476-889A-02147DCA651F}.StaticDebug|Win64.Build.0 = StaticDebug|x64
		{69AACBCF-7BF3-4476-889A-02147DCA651F}.StaticRelease|Win32.ActiveCfg = StaticRelease|Win32
		{69AACBCF-7BF3-4476-889A-02147DCA651F}.StaticRelease|Win32.Build.0 = StaticRelease|Win32
		{69AACBCF-7BF3-4476-889A-02147DCA651F}.StaticRelease|Win64.ActiveCfg = StaticRelease|x64
		{69AACBCF-7BF3-4476-889A-02147DCA651F}.StaticRelease|Win64.Build.0 = StaticRelease|x64
		{A4D6EC24-11F8-44E0-97B2-276288884AE2}.Debug|Win32.ActiveCfg = Debug|Win32
		{A4D6EC24-11F8-44E0-97B2-276288884AE2}.Debug|Win32.Build.0 = Debug|Win32
		{A4D6EC24-11F8-44E0-97B2-276288884AE2}.Debug|Win64.ActiveCfg = Debug|x64
		{A4D6EC24-11F8-44E0-97B2-276288884AE2}.Debug|Win64.Build.0 = Debug|x64
		{A4D6EC24-11F8-44E0-97B2-276288884AE2}.Release|Win32.ActiveCfg = Release|Win32
		{A4D6EC24-11F8-44E0-97B2-276288884AE2}.Release|Win32.Build.0 = Release|Win32
		{A4D6EC24-11F8-44E0-97B2-276288884AE2}.Release|Win64.ActiveCfg = Release|x64
		{A4D6EC24-11F8-44E0-97B2-276288884AE2}.Release|Win64.Build.0 = Release|x64
		{A4D6EC24-11F8-44E0-97B2-276288884AE2}.StaticDebug|Win32.ActiveCfg = StaticDebug|Win32
		{A4D6EC24-11F8-44E0-97B2-276288884AE2}.StaticDebug|Win32.Build.0 = StaticDebug|Win32
		{A4D6EC24-11F8-44E0-97B2-276288884AE2}.StaticDebug|Win64.ActiveCfg = StaticDebug|x64
		{A4D6EC24-11F8-44E0-97B2-276288884AE2}.StaticDebug|Win64.Build.0 = StaticDebug|x64
		{A4D6EC24-11F8-44E0-97B2-276288884AE2}.StaticRelease|Win32.ActiveCfg = StaticRelease|Win32
		{A4D6EC24-11F8-44E0-97B2-276288884AE2}.StaticRelease|Win32.Build.0 = StaticRelease|Win32
		{A4D6EC24-11F8-44E0-97B2-276288884AE2}.StaticRelease|Win64.ActiveCfg = StaticRelease|x64
		{A4D6EC24-11F8-44E0-97B2-276288884AE2}.StaticRelease|Win64.Build.0 = StaticRelease|x64
		{8D8245FE-4565-42A4-87E5-155FA4FC930D}.Debug|Win32.ActiveCfg = Debug|Win32
		{8D8245FE-4565-42A4-87E5-155FA4FC930D}.Debug|Win32.Build.0 = Debug|Win32
		{8D8245FE-4565-42A4-87E5-155FA4FC930D}.Debug|Win64.ActiveCfg = Debug|x64
		{8D8245FE-4565-42A4-87E5-155FA4FC930D}.Debug|Win64.Build.0 = Debug|x64
		{8D8245FE-4565-42A4-87E5-155FA4FC930D}.Release|Win32.ActiveCfg = Release|Win32
		{8D8245FE-4565-42A4-87E5-155FA4FC930D}.Release|Win32.Build.0 = Release|Win32
		{8D8245FE-4565-42A4-87E5-155FA4FC930D}.Release|Win64.ActiveCfg = Release|x64
		{8D8245FE-4565-42A4-87E5-155FA4FC930D}.Release|Win64.Build.0 = Release|x64
		{8D8245FE-4565-42A4-87E5-155FA4FC930D}.StaticDebug|Win32.ActiveCfg = StaticDebug|Win32
		{8D8245FE-4565-42A4-87E5-155FA4FC930D}.StaticDebug|Win32.Build.0 = StaticDebug|Win32
		{8D8245FE-4565-42A4-87E5-155FA4FC930D}.StaticDebug|Win64.ActiveCfg = StaticDebug|x64
		{8D8245FE-4565-42A4-87E5-155FA4FC930D}.StaticDebug|Win64.Build.0 = StaticDebug|x64
		{8D8245FE-4565-42A4-87E5-155FA4FC930D}.StaticRelease|Win32.ActiveCfg = StaticRelease|Win32
		{8D8245FE-4565-42A4-87E5-155FA4FC930D}.StaticRelease|Win32.Build.0 = StaticRelease|Win32
		{8D8245FE-4565-42A4-87E5-155FA4FC930D}.StaticRelease|Win64.ActiveCfg = StaticRelease|x64
		{8D8245FE-4565-42A4-87E5-155FA4FC930D}.StaticRelease|Win64.Build.0 = StaticRelease|x64
		{60C3761C-6E74-422E-980E-AE4DC87628BA}.Debug|Win32.ActiveCfg = Debug|Win32
		{60C3761C-6E74-422E-980E-AE4DC87628BA}.Debug|Win32.Build.0 = Debug|Win32
		{60C3761C-6E74-422E-980E-AE4DC87628BA}.Debug|Win64.ActiveCfg = Debug|x64
		{60C3761C-6E74-422E-980E-AE4DC87628BA}.Debug|Win64.Build.0 = Debug|x64
		{60C3761C-6E74-422E-980E-AE4DC87628BA}.Release|Win32.ActiveCfg = Release|Win32
		{60C3761C-6E74-422E-980E-AE4DC87628BA}.Release|Win32.Build.0 = Release|Win32
		{60C3761C-6E74-422E-980E-AE4DC87628BA}.Release|Win64.ActiveCfg = Release|x64
		{60C3761C-6E74-422E-980E-AE4DC87628BA}.Release|Win64.Build.0 = Release|x64
		{60C3761C-6E74-422E-980E-AE4DC87628BA}.StaticDebug|Win32.ActiveCfg = StaticDebug|Win32
		{60C3761C-6E74-422E-980E-AE4DC87628BA}.StaticDebug|Win32.Build.0 = StaticDebug|Win32
		{60C3761C-6E74-422E-980E-AE4DC87628BA}.StaticDebug|Win64.ActiveCfg = StaticDebug|x64
		{60C3761C-6E74-422E-980E-AE4DC87628BA}.StaticDebug|Win64.Build.0 = StaticDebug|x64
		{60C3761C-6E74-422E-980E-AE4DC87628BA}.StaticRelease|Win32.ActiveCfg = StaticRelease|Win32
		{60C3761C-6E74-422E-980E-AE4DC87628BA}.StaticRelease|Win32.Build.0 = StaticRelease|Win32
		{60C3761C-6E74-422E-980E-AE4DC87628BA}.StaticRelease|Win64.ActiveCfg = StaticRelease|x64
		{60C3761C-6E74-422E-980E-AE4DC87628BA}.StaticRelease|Win64.Build.0 = StaticRelease|x64
		{E6CE08F2-E2BD-4812-B500-8256ED3B4B08}.Debug|Win32.ActiveCfg = Debug|Win32
		{E6CE08F2-E2BD-4812-B500-8256ED3B4B08}.Debug|Win32.Build.0 = Debug|Win32
		{E6CE08F2-E2BD-4812-B500-8256ED3B4B08}.Debug|Win64.ActiveCfg = Debug|x64
		{E6CE08F2-E2BD-4812-B500-8256ED3B4B08}.Debug|Win64.Build.0 = Debug|x64
		{E6CE08F2-E2BD-4812-B500-8256ED3B4B08}.Release|Win32.ActiveCfg = Release|Win32
		{E6CE08F2-E2BD-4812-B500-8256ED3B4B08}.Release|Win32.Build.0 = Release|Win32
		{E6CE08F2-E2BD-4812-B500-8256ED3B4B08}.Release|Win64.ActiveCfg = Release|x64
		{E6CE08F2-E2BD-4812-B500-8256ED3B4B08}.Release|Win64.Build.0 = Release|x64
		{E6CE08F2-E2BD-4812-B500-8256ED3B4B08}.StaticDebug|Win32.ActiveCfg = StaticDebug|Win32
		{E6CE08F2-E2BD-4812-B500-8256ED3B4B08}.StaticDebug|Win32.Build.0 = StaticDebug|Win32
		{E6CE08F2-E2BD-4812-B500-8256ED3B4B08}.StaticDebug|Win64.ActiveCfg = StaticDebug|x64
		{E6CE08F2-E2BD-4812-B500-8256ED3B4B08}.StaticDebug|Win64.Build.0 = StaticDebug|x64
		{E6CE08F2-E2BD-4812-B500-8256ED3B4B08}.StaticRelease|Win32.ActiveCfg = StaticRelease|Win32
		{E6CE08F2-E2BD-4812-B500-8256ED3B4B08}.StaticRelease|Win32.Build.0 = StaticRelease|Win32
		{E6CE08F2-E2BD-4812-B500-8256ED3B4B08}.StaticRelease|Win64.ActiveCfg = StaticRelease|x64
		{E6CE08F2-E2BD-4812-B500-8256ED3B4B08}.StaticRelease|Win64.Build.0 = StaticRelease|x64
		{FF9ADDFB-5849-4D78-AD00-B5A984355486}.Debug|Win32.ActiveCfg = Debug|Win32
		{FF9ADDFB-5849-4D78-AD00-B5A984355486}.Debug|Win32.Build.0 = Debug|Win32
		{FF9ADDFB-5849-4D78-AD00-B5A984355486}.Debug|Win64.ActiveCfg = Debug|x64
		{FF9ADDFB-5849-4D78-AD00-B5A984355486}.Debug|Win64.Build.0 = Debug|x64
		{FF9ADDFB-5849-4D78-AD00-B5A984355486}.Release|Win32.ActiveCfg = Release|Win32
		{FF9ADDFB-5849-4D78-AD00-B5A984355486}.Release|Win32.Build.0 = Release|Win32
		{FF9ADDFB-5849-4D78-AD00-B5A984355486}.Release|Win64.ActiveCfg = Release|x64
		{FF9ADDFB-5849-4D78-AD00-B5A984355486}.Release|Win64.Build.0 = Release|x64
		{FF9ADDFB-5849-4D78-AD00-B5A984355486}.StaticDebug|Win32.ActiveCfg = StaticDebug|Win32
		{FF9ADDFB-5849-4D78-AD00-B5A984355486}.StaticDebug|Win32.Build.0 = StaticDebug|Win32
		{FF9ADDFB-5849-4D78-AD00-B5A984355486}.StaticDebug|Win64.ActiveCfg = StaticDebug|x64
		{FF9ADDFB-5849-4D78-AD00-B5A984355486}.StaticDebug|Win64.Build.0 = StaticDebug|x64
		{FF9ADDFB-5849-4D78-AD00-B5A984355486}.StaticRelease|Win32.ActiveCfg = StaticRelease|Win32
		{FF9ADDFB-5849-4D78-AD00-B5A984355486}.StaticRelease|Win32.Build.0 = StaticRelease|Win32
		{FF9ADDFB-5849-4D78-AD00-B5A984355486}.StaticRelease|Win64.ActiveCfg = StaticRelease|x64
		{FF9ADDFB-5849-4D78-AD00-B5A984355486}.StaticRelease|Win64.Build.0 = StaticRelease|x64
		{FF9ADDFB-5849-4D78-AD00-B5A984355487}.Debug|Win32.ActiveCfg = Debug|Win32
		{FF9ADDFB-5849-4D78-AD00-B5A984355487}.Debug|Win32.Build.0 = Debug|Win32
		{FF9ADDFB-5849-4D78-AD00-B5A984355487}.Debug|Win64.ActiveCfg = Debug|x64
		{FF9ADDFB-5849-4D78-AD00-B5A984355487}.Debug|Win64.Build.0 = Debug|x64
		{FF9ADDFB-5849-4D78-AD00-B5A984355487}.Release|Win32.ActiveCfg = Release|Win32
		{FF9ADDFB-5849-4D78-AD00-B5A984355487}.Release|Win32.Build.0 = Release|Win32
		{FF9ADDFB-5849-4D78-AD00-B5A984355487}.Release|Win64.ActiveCfg = Release|x64
		{FF9ADDFB-5849-4D78-AD00-B5A984355487}.Release|Win64.Build.0 = Release|x64
		{FF9ADDFB-5849-4D78-AD00-B5A984355487}.StaticDebug|Win32.ActiveCfg = StaticDebug|Win32
		{FF9ADDFB-5849-4D78-AD00-B5A984355487}.StaticDebug|Win32.Build.0 = StaticDebug|Win32
		{FF9ADDFB-5849-4D78-AD00-B5A984355487}.StaticDebug|Win64.ActiveCfg = StaticDebug|x64
		{FF9ADDFB-5849-4D78-AD00-B5A984355487}.StaticDebug|Win64.Build.0 = StaticDebug|x64
		{FF9ADDFB-5849-4D78-AD00-B5A984355487}.StaticRelease|Win32.ActiveCfg = StaticRelease|Win32
		{FF9ADDFB-5849-4D78-AD00-B5A984355487}.StaticRelease|Win32.Build.0 = StaticRelease|Win32
		{FF9ADDFB-5849-4D78-AD00-B5A984355487}.StaticRelease|Win64.ActiveCfg = StaticRelease|x64
		{FF9ADDFB-5849-4D78-AD00-B5A984355487}.StaticRelease|Win64.Build.0 = StaticRelease|x64
		{FF9ADDFB-5849-4D78-AD00-B5A984355488}.Debug|Win32.ActiveCfg = Debug|Win32
		{FF9ADDFB-5849-4D78-AD00-B5A984355488}.Debug|Win32.Build.0 = Debug|Win32
		{FF9ADDFB-5849-4D78-AD00-B5A984355488}.Debug|Win64.ActiveCfg = Debug|x64
		{FF9ADDFB-5849-4D78-AD00-B5A984355488}.Debug|Win64.Build.0 = Debug|x64
		{FF9ADDFB-5849-4D78-AD00-B5A984355488}.Release|Win32.ActiveCfg = Release|Win32
		{FF9ADDFB-5849-4D78-AD00-B5A984355488}.Release|Win32.Build.0 = Release|Win32
		{FF9ADDFB-5849-4D78-AD00-B5A984355488}.Release|Win64.ActiveCfg = Release|x64
		{FF9ADDFB-5849-4D78-AD00-B5A984355488}.Release|Win64.Build.0 = Release|x64
		{FF9ADDFB-5849-4D78-AD00-B5A984355488}.StaticDebug|Win32.ActiveCfg = StaticDebug|Win32
		{FF9ADDFB-5849-4D78-AD00-B5A984355488}.StaticDebug|Win32.Build.0 = StaticDebug|Win32
		{FF9ADDFB-5849-4D78-AD00-B5A984355488}.StaticDebug|Win64.ActiveCfg = StaticDebug|x64
		{FF9ADDFB-5849-4D78-AD00-B5A984355488}.StaticDebug|Win64.Build.0 = StaticDebug|x64
		{FF9ADDFB-5849-4D78-AD00-B5A984355488}.StaticRelease|Win32.ActiveCfg = StaticRelease|Win32
		{FF9ADDFB-5849-4D78-AD00-B5A984355488}.StaticRelease|Win32.Build.0 = StaticRelease|Win32
		{FF9ADDFB-5849-4D78-AD00-B5A984355488}.StaticRelease|Win64.ActiveCfg = StaticRelease|x64
		{FF9ADDFB-5849-4D78-AD00-B5A984355488}.StaticRelease|Win64.Build.0 = StaticRelease|x64
		{FF9ADDFB-5849-4D78-AD00-B5A984355489}.Debug|Win32.ActiveCfg = Debug|Win32
		{FF9ADDFB-5849-4D78-AD00-B5A984355489}.Debug|Win32.Build.0 = Debug|Win32
		{FF9ADDFB-5849-4D78-AD00-B5A984355489}.Debug|Win64.ActiveCfg = Debug|x64
		{FF9ADDFB-5849-4D78-AD00-B5A984355489}.Debug|Win64.Build.0 = Debug|x64
		{FF9ADDFB-5849-4D78-AD00-B5A984355489}.Release|Win32.ActiveCfg = Release|Win32
		{FF9ADDFB-5849-4D78-AD00-B5A984355489}.Release|Win32.Build.0 = Release|Win32
		{FF9ADDFB-5849-4D78-AD00-B5A984355489}.Release|Win64.ActiveCfg = Release|x64
		{FF9ADDFB-5849-4D78-AD00-B5A984355489}.Release|Win64.Build.0 = Release|x64
		{FF9ADDFB-5849-4D78-AD00-B5A984355489}.StaticDebug|Win32.ActiveCfg = StaticDebug|Win32
		{FF9ADDFB-5849-4D78-AD00-B5A984355489}.StaticDebug|Win32.Build.0 = StaticDebug|Win32
		{FF9ADDFB-5849-4D78-AD00-B5A984355489}.StaticDebug|Win64.ActiveCfg = StaticDebug|x64
		{FF9ADDFB-5849-4D78-AD00-B5A984355489}.StaticDebug|Win64.Build.0 = StaticDebug|x64
		{FF9ADDFB-5849-4D78-AD00-B5A984355489}.StaticRelease|Win32.ActiveCfg = StaticRelease|Win32
		{FF9ADDFB-5849-4D78-AD00-B5A984355489}.StaticRelease|Win32.Build.0 = StaticRelease|Win32
		{FF9ADDFB-5849-4D78-AD00-B5A984355489}.StaticRelease|Win64.ActiveCfg = StaticRelease|x64
		{FF9ADDFB-5849-4D78-AD00-B5A984355489}.StaticRelease|Win64.Build.0 = StaticRelease|x64
		{FF9ADDFB-5849-4D78-AD00-B5A984355490}.Debug|Win32.ActiveCfg = Debug|Win32
		{FF9ADDFB-5849-4D78-AD00-B5A984355490}.Debug|Win32.Build.0 = Debug|Win32
		{FF9ADDFB-5849-4D78-AD00-B5A984355490}.Debug|Win64.ActiveCfg = Debug|x64
		{FF9ADDFB-5849-4D78-AD00-B5A984355490}.Debug|Win64.Build.0 = Debug|x64
		{FF9ADDFB-5849-4D78-AD00-B5A984355490}.Release|Win32.ActiveCfg = Release|Win32
		{FF9ADDFB-5849-4D78-AD00-B5A984355490}.Release|Win32.Build.0 = Release|Win32
		{FF9ADDFB-5849-4D78-AD00-B5A984355490}.Release|Win64.ActiveCfg = Release|x64
		{FF9ADDFB-5849-4D78-AD00-B5A984355490}.Release|Win64.Build.0 = Release|x64
		{FF9ADDFB-5849-4D78-AD00-B5A984355490}.StaticDebug|Win32.ActiveCfg = StaticDebug|Win32
		{FF9ADDFB-5849-4D78-AD00-B5A984355490}.StaticDebug|Win32.Build.0 = StaticDebug|Win32
		{FF9ADDFB-5849-4D78-AD00-B5A984355490}.StaticDebug|Win64.ActiveCfg = StaticDebug|x64
		{FF9ADDFB-5849-4D78-AD00-B5A984355490}.StaticDebug|Win64.Build.0 = StaticDebug|x64
		{FF9ADDFB-5849-4D78-AD00-B5A984355490}.StaticRelease|Win32.ActiveCfg = StaticRelease|Win32
		{FF9ADDFB-5849-4D78-AD00-B5A984355490}.StaticRelease|Win32.Build.0 = StaticRelease|Win32
		{FF9ADDFB-5849-4D78-AD00-B5A984355490}.StaticRelease|Win64.ActiveCfg = StaticRelease|x64
		{FF9ADDFB-5849-4D78-AD00-B5A984355490}.StaticRelease|Win64.Build.0 = StaticRelease|x64
		{058C3D74-0871-4855-B0DD-06386D504037}.Debug|Win32.ActiveCfg = Debug|Win32
		{058C3D74-0871-4855-B0DD-06386D504037}.Debug|Win32.Build.0 = Debug|Win32
		{058C3D74-0871-4855-B0DD-06386D504037}.Debug|Win64.ActiveCfg = Debug|x64
		{058C3D74-0871-4855-B0DD-06386D504037}.Debug|Win64.Build.0 = Debug|x64
		{058C3D74-0871-4855-B0DD-06386D504037}.Release|Win32.ActiveCfg = Release|Win32
		{058C3D74-0871-4855-B0DD-06386D504037}.Release|Win32.Build.0 = Release|Win32
		{058C3D74-0871-4855-B0DD-06386D504037}.Release|Win64.ActiveCfg = Release|x64
		{058C3D74-0871-4855-B0DD-06386D504037}.Release|Win64.Build.0 = Release|x64
		{058C3D74-0871-4855-B0DD-06386D504037}.StaticDebug|Win32.ActiveCfg = Debug|Win32
		{058C3D74-0871-4855-B0DD-06386D504037}.StaticDebug|Win64.ActiveCfg = Debug|x64
		{058C3D74-0871-4855-B0DD-06386D504037}.StaticRelease|Win32.ActiveCfg = Release|Win32
		{058C3D74-0871-4855-B0DD-06386D504037}.StaticRelease|Win64.ActiveCfg = Release|x64
	EndGlobalSection
	GlobalSection(SolutionProperties) = preSolution
		HideSolutionNode = FALSE
	EndGlobalSection
EndGlobal
